
Microsoft Visual Studio Solution File, Format Version 12.00
# Visual Studio Version 17
VisualStudioVersion = 17.7.34024.191
MinimumVisualStudioVersion = 10.0.40219.1
Project("{9A19103F-16F7-4668-BE54-9A1E7A4F7556}") = "ExcelToDbConsole", "src\ExcelToDbConsole\ExcelToDbConsole.csproj", "{A53738B2-94DB-4BBC-A77D-E074D46E976A}"
EndProject
Project("{FAE04EC0-301F-11D3-BF4B-00C04F79EFBC}") = "ExcelToDb", "src\ExcelToDb\ExcelToDb.csproj", "{34D7674F-21BC-4033-8CB9-FC9AC1844FDE}"
EndProject
Global
	GlobalSection(SolutionConfigurationPlatforms) = preSolution
		Debug|Any CPU = Debug|Any CPU
		Release|Any CPU = Release|Any CPU
	EndGlobalSection
	GlobalSection(ProjectConfigurationPlatforms) = postSolution
		{A53738B2-94DB-4BBC-A77D-E074D46E976A}.Debug|Any CPU.ActiveCfg = Debug|Any CPU
		{A53738B2-94DB-4BBC-A77D-E074D46E976A}.Debug|Any CPU.Build.0 = Debug|Any CPU
		{A53738B2-94DB-4BBC-A77D-E074D46E976A}.Release|Any CPU.ActiveCfg = Release|Any CPU
		{A53738B2-94DB-4BBC-A77D-E074D46E976A}.Release|Any CPU.Build.0 = Release|Any CPU
		{34D7674F-21BC-4033-8CB9-FC9AC1844FDE}.Debug|Any CPU.ActiveCfg = Debug|Any CPU
		{34D7674F-21BC-4033-8CB9-FC9AC1844FDE}.Debug|Any CPU.Build.0 = Debug|Any CPU
		{34D7674F-21BC-4033-8CB9-FC9AC1844FDE}.Release|Any CPU.ActiveCfg = Release|Any CPU
		{34D7674F-21BC-4033-8CB9-FC9AC1844FDE}.Release|Any CPU.Build.0 = Release|Any CPU
	EndGlobalSection
	GlobalSection(SolutionProperties) = preSolution
		HideSolutionNode = FALSE
	EndGlobalSection
	GlobalSection(ExtensibilityGlobals) = postSolution
		SolutionGuid = {B3309606-F927-4C6A-9D6B-D75597679F6A}
	EndGlobalSection
EndGlobal
